// !$*UTF8*$!
{
	archiveVersion = 1;
	classes = {
	};
	objectVersion = 56;
	objects = {

/* Begin PBXBuildFile section */
		CE5EABA72908CED100B62253 /* AppDelegate.m in Sources */ = {isa = PBXBuildFile; fileRef = CE5EABA62908CED100B62253 /* AppDelegate.m */; };
		CE5EABAA2908CED100B62253 /* SceneDelegate.m in Sources */ = {isa = PBXBuildFile; fileRef = CE5EABA92908CED100B62253 /* SceneDelegate.m */; };
		CE5EABAD2908CED100B62253 /* ViewController.m in Sources */ = {isa = PBXBuildFile; fileRef = CE5EABAC2908CED100B62253 /* ViewController.m */; };
		CE5EABB02908CED100B62253 /* Main.storyboard in Resources */ = {isa = PBXBuildFile; fileRef = CE5EABAE2908CED100B62253 /* Main.storyboard */; };
		CE5EABB22908CED200B62253 /* Assets.xcassets in Resources */ = {isa = PBXBuildFile; fileRef = CE5EABB12908CED200B62253 /* Assets.xcassets */; };
		CE5EABB52908CED200B62253 /* LaunchScreen.storyboard in Resources */ = {isa = PBXBuildFile; fileRef = CE5EABB32908CED200B62253 /* LaunchScreen.storyboard */; };
		CE5EABB82908CED200B62253 /* main.m in Sources */ = {isa = PBXBuildFile; fileRef = CE5EABB72908CED200B62253 /* main.m */; };
		CE5EAC38290BCD2700B62253 /* AppAuth.xcframework in Frameworks */ = {isa = PBXBuildFile; fileRef = CE5EAC36290BCD2700B62253 /* AppAuth.xcframework */; };
		CE5EAC39290BCD2700B62253 /* NemoSDK.xcframework in Frameworks */ = {isa = PBXBuildFile; fileRef = CE5EAC37290BCD2700B62253 /* NemoSDK.xcframework */; };
		CE5EAC3A290BCD3100B62253 /* AppAuth.xcframework in Embed Frameworks */ = {isa = PBXBuildFile; fileRef = CE5EAC36290BCD2700B62253 /* AppAuth.xcframework */; settings = {ATTRIBUTES = (CodeSignOnCopy, RemoveHeadersOnCopy, ); }; };
/* End PBXBuildFile section */

/* Begin PBXCopyFilesBuildPhase section */
		CE5EAC0C2908D3D900B62253 /* Embed Frameworks */ = {
			isa = PBXCopyFilesBuildPhase;
			buildActionMask = 2147483647;
			dstPath = "";
			dstSubfolderSpec = 10;
			files = (
				CE5EAC3A290BCD3100B62253 /* AppAuth.xcframework in Embed Frameworks */,
			);
			name = "Embed Frameworks";
			runOnlyForDeploymentPostprocessing = 0;
		};
/* End PBXCopyFilesBuildPhase section */

/* Begin PBXFileReference section */
		CE5EABA22908CED100B62253 /* NemoSDKDemo.app */ = {isa = PBXFileReference; explicitFileType = wrapper.application; includeInIndex = 0; path = NemoSDKDemo.app; sourceTree = BUILT_PRODUCTS_DIR; };
		CE5EABA52908CED100B62253 /* AppDelegate.h */ = {isa = PBXFileReference; lastKnownFileType = sourcecode.c.h; path = AppDelegate.h; sourceTree = "<group>"; };
		CE5EABA62908CED100B62253 /* AppDelegate.m */ = {isa = PBXFileReference; lastKnownFileType = sourcecode.c.objc; path = AppDelegate.m; sourceTree = "<group>"; };
		CE5EABA82908CED100B62253 /* SceneDelegate.h */ = {isa = PBXFileReference; lastKnownFileType = sourcecode.c.h; path = SceneDelegate.h; sourceTree = "<group>"; };
		CE5EABA92908CED100B62253 /* SceneDelegate.m */ = {isa = PBXFileReference; lastKnownFileType = sourcecode.c.objc; path = SceneDelegate.m; sourceTree = "<group>"; };
		CE5EABAB2908CED100B62253 /* ViewController.h */ = {isa = PBXFileReference; lastKnownFileType = sourcecode.c.h; path = ViewController.h; sourceTree = "<group>"; };
		CE5EABAC2908CED100B62253 /* ViewController.m */ = {isa = PBXFileReference; lastKnownFileType = sourcecode.c.objc; path = ViewController.m; sourceTree = "<group>"; };
		CE5EABAF2908CED100B62253 /* Base */ = {isa = PBXFileReference; lastKnownFileType = file.storyboard; name = Base; path = Base.lproj/Main.storyboard; sourceTree = "<group>"; };
		CE5EABB12908CED200B62253 /* Assets.xcassets */ = {isa = PBXFileReference; lastKnownFileType = folder.assetcatalog; path = Assets.xcassets; sourceTree = "<group>"; };
		CE5EABB42908CED200B62253 /* Base */ = {isa = PBXFileReference; lastKnownFileType = file.storyboard; name = Base; path = Base.lproj/LaunchScreen.storyboard; sourceTree = "<group>"; };
		CE5EABB62908CED200B62253 /* Info.plist */ = {isa = PBXFileReference; lastKnownFileType = text.plist.xml; path = Info.plist; sourceTree = "<group>"; };
		CE5EABB72908CED200B62253 /* main.m */ = {isa = PBXFileReference; lastKnownFileType = sourcecode.c.objc; path = main.m; sourceTree = "<group>"; };
		CE5EAC36290BCD2700B62253 /* AppAuth.xcframework */ = {isa = PBXFileReference; lastKnownFileType = wrapper.xcframework; path = AppAuth.xcframework; sourceTree = "<group>"; };
		CE5EAC37290BCD2700B62253 /* NemoSDK.xcframework */ = {isa = PBXFileReference; lastKnownFileType = wrapper.xcframework; path = NemoSDK.xcframework; sourceTree = "<group>"; };
/* End PBXFileReference section */

/* Begin PBXFrameworksBuildPhase section */
		CE5EAB9F2908CED100B62253 /* Frameworks */ = {
			isa = PBXFrameworksBuildPhase;
			buildActionMask = 2147483647;
			files = (
				CE5EAC38290BCD2700B62253 /* AppAuth.xcframework in Frameworks */,
				CE5EAC39290BCD2700B62253 /* NemoSDK.xcframework in Frameworks */,
			);
			runOnlyForDeploymentPostprocessing = 0;
		};
/* End PBXFrameworksBuildPhase section */

/* Begin PBXGroup section */
		CE5EAB992908CED100B62253 = {
			isa = PBXGroup;
			children = (
				CE5EABA42908CED100B62253 /* NemoSDKDemo */,
				CE5EABA32908CED100B62253 /* Products */,
			);
			sourceTree = "<group>";
		};
		CE5EABA32908CED100B62253 /* Products */ = {
			isa = PBXGroup;
			children = (
				CE5EABA22908CED100B62253 /* NemoSDKDemo.app */,
			);
			name = Products;
			sourceTree = "<group>";
		};
		CE5EABA42908CED100B62253 /* NemoSDKDemo */ = {
			isa = PBXGroup;
			children = (
				CE5EAC35290BCD2700B62253 /* NemoSDK */,
				CE5EABA52908CED100B62253 /* AppDelegate.h */,
				CE5EABA62908CED100B62253 /* AppDelegate.m */,
				CE5EABA82908CED100B62253 /* SceneDelegate.h */,
				CE5EABA92908CED100B62253 /* SceneDelegate.m */,
				CE5EABAB2908CED100B62253 /* ViewController.h */,
				CE5EABAC2908CED100B62253 /* ViewController.m */,
				CE5EABAE2908CED100B62253 /* Main.storyboard */,
				CE5EABB12908CED200B62253 /* Assets.xcassets */,
				CE5EABB32908CED200B62253 /* LaunchScreen.storyboard */,
				CE5EABB62908CED200B62253 /* Info.plist */,
				CE5EABB72908CED200B62253 /* main.m */,
			);
			path = NemoSDKDemo;
			sourceTree = "<group>";
		};
		CE5EAC35290BCD2700B62253 /* NemoSDK */ = {
			isa = PBXGroup;
			children = (
				CE5EAC36290BCD2700B62253 /* AppAuth.xcframework */,
				CE5EAC37290BCD2700B62253 /* NemoSDK.xcframework */,
			);
			path = NemoSDK;
			sourceTree = SOURCE_ROOT;
		};
/* End PBXGroup section */

/* Begin PBXNativeTarget section */
		CE5EABA12908CED100B62253 /* NemoSDKDemo */ = {
			isa = PBXNativeTarget;
			buildConfigurationList = CE5EABBB2908CED200B62253 /* Build configuration list for PBXNativeTarget "NemoSDKDemo" */;
			buildPhases = (
				CE5EAB9E2908CED100B62253 /* Sources */,
				CE5EAB9F2908CED100B62253 /* Frameworks */,
				CE5EABA02908CED100B62253 /* Resources */,
				CE5EAC0C2908D3D900B62253 /* Embed Frameworks */,
			);
			buildRules = (
			);
			dependencies = (
			);
			name = NemoSDKDemo;
			productName = NemoSDKDemo;
			productReference = CE5EABA22908CED100B62253 /* NemoSDKDemo.app */;
			productType = "com.apple.product-type.application";
		};
/* End PBXNativeTarget section */

/* Begin PBXProject section */
		CE5EAB9A2908CED100B62253 /* Project object */ = {
			isa = PBXProject;
			attributes = {
				BuildIndependentTargetsInParallel = 1;
				LastUpgradeCheck = 1400;
				TargetAttributes = {
					CE5EABA12908CED100B62253 = {
						CreatedOnToolsVersion = 14.0.1;
					};
				};
			};
			buildConfigurationList = CE5EAB9D2908CED100B62253 /* Build configuration list for PBXProject "NemoSDKDemo" */;
			compatibilityVersion = "Xcode 14.0";
			developmentRegion = en;
			hasScannedForEncodings = 0;
			knownRegions = (
				en,
				Base,
			);
			mainGroup = CE5EAB992908CED100B62253;
			productRefGroup = CE5EABA32908CED100B62253 /* Products */;
			projectDirPath = "";
			projectRoot = "";
			targets = (
				CE5EABA12908CED100B62253 /* NemoSDKDemo */,
			);
		};
/* End PBXProject section */

/* Begin PBXResourcesBuildPhase section */
		CE5EABA02908CED100B62253 /* Resources */ = {
			isa = PBXResourcesBuildPhase;
			buildActionMask = 2147483647;
			files = (
				CE5EABB52908CED200B62253 /* LaunchScreen.storyboard in Resources */,
				CE5EABB22908CED200B62253 /* Assets.xcassets in Resources */,
				CE5EABB02908CED100B62253 /* Main.storyboard in Resources */,
			);
			runOnlyForDeploymentPostprocessing = 0;
		};
/* End PBXResourcesBuildPhase section */

/* Begin PBXSourcesBuildPhase section */
		CE5EAB9E2908CED100B62253 /* Sources */ = {
			isa = PBXSourcesBuildPhase;
			buildActionMask = 2147483647;
			files = (
				CE5EABAD2908CED100B62253 /* ViewController.m in Sources */,
				CE5EABA72908CED100B62253 /* AppDelegate.m in Sources */,
				CE5EABB82908CED200B62253 /* main.m in Sources */,
				CE5EABAA2908CED100B62253 /* SceneDelegate.m in Sources */,
			);
			runOnlyForDeploymentPostprocessing = 0;
		};
/* End PBXSourcesBuildPhase section */

/* Begin PBXVariantGroup section */
		CE5EABAE2908CED100B62253 /* Main.storyboard */ = {
			isa = PBXVariantGroup;
			children = (
				CE5EABAF2908CED100B62253 /* Base */,
			);
			name = Main.storyboard;
			sourceTree = "<group>";
		};
		CE5EABB32908CED200B62253 /* LaunchScreen.storyboard */ = {
			isa = PBXVariantGroup;
			children = (
				CE5EABB42908CED200B62253 /* Base */,
			);
			name = LaunchScreen.storyboard;
			sourceTree = "<group>";
		};
/* End PBXVariantGroup section */

/* Begin XCBuildConfiguration section */
		CE5EABB92908CED200B62253 /* Debug */ = {
			isa = XCBuildConfiguration;
			buildSettings = {
				ALWAYS_SEARCH_USER_PATHS = NO;
				CLANG_ANALYZER_NONNULL = YES;
				CLANG_ANALYZER_NUMBER_OBJECT_CONVERSION = YES_AGGRESSIVE;
				CLANG_CXX_LANGUAGE_STANDARD = "gnu++20";
				CLANG_ENABLE_MODULES = YES;
				CLANG_ENABLE_OBJC_ARC = YES;
				CLANG_ENABLE_OBJC_WEAK = YES;
				CLANG_WARN_BLOCK_CAPTURE_AUTORELEASING = YES;
				CLANG_WARN_BOOL_CONVERSION = YES;
				CLANG_WARN_COMMA = YES;
				CLANG_WARN_CONSTANT_CONVERSION = YES;
				CLANG_WARN_DEPRECATED_OBJC_IMPLEMENTATIONS = YES;
				CLANG_WARN_DIRECT_OBJC_ISA_USAGE = YES_ERROR;
				CLANG_WARN_DOCUMENTATION_COMMENTS = YES;
				CLANG_WARN_EMPTY_BODY = YES;
				CLANG_WARN_ENUM_CONVERSION = YES;
				CLANG_WARN_INFINITE_RECURSION = YES;
				CLANG_WARN_INT_CONVERSION = YES;
				CLANG_WARN_NON_LITERAL_NULL_CONVERSION = YES;
				CLANG_WARN_OBJC_IMPLICIT_RETAIN_SELF = YES;
				CLANG_WARN_OBJC_LITERAL_CONVERSION = YES;
				CLANG_WARN_OBJC_ROOT_CLASS = YES_ERROR;
				CLANG_WARN_QUOTED_INCLUDE_IN_FRAMEWORK_HEADER = YES;
				CLANG_WARN_RANGE_LOOP_ANALYSIS = YES;
				CLANG_WARN_STRICT_PROTOTYPES = YES;
				CLANG_WARN_SUSPICIOUS_MOVE = YES;
				CLANG_WARN_UNGUARDED_AVAILABILITY = YES_AGGRESSIVE;
				CLANG_WARN_UNREACHABLE_CODE = YES;
				CLANG_WARN__DUPLICATE_METHOD_MATCH = YES;
				COPY_PHASE_STRIP = NO;
				DEBUG_INFORMATION_FORMAT = dwarf;
				ENABLE_STRICT_OBJC_MSGSEND = YES;
				ENABLE_TESTABILITY = YES;
				GCC_C_LANGUAGE_STANDARD = gnu11;
				GCC_DYNAMIC_NO_PIC = NO;
				GCC_NO_COMMON_BLOCKS = YES;
				GCC_OPTIMIZATION_LEVEL = 0;
				GCC_PREPROCESSOR_DEFINITIONS = (
					"DEBUG=1",
					"$(inherited)",
				);
				GCC_WARN_64_TO_32_BIT_CONVERSION = YES;
				GCC_WARN_ABOUT_RETURN_TYPE = YES_ERROR;
				GCC_WARN_UNDECLARED_SELECTOR = YES;
				GCC_WARN_UNINITIALIZED_AUTOS = YES_AGGRESSIVE;
				GCC_WARN_UNUSED_FUNCTION = YES;
				GCC_WARN_UNUSED_VARIABLE = YES;
				IPHONEOS_DEPLOYMENT_TARGET = 11.0;
				MTL_ENABLE_DEBUG_INFO = INCLUDE_SOURCE;
				MTL_FAST_MATH = YES;
				ONLY_ACTIVE_ARCH = YES;
				SDKROOT = iphoneos;
			};
			name = Debug;
		};
		CE5EABBA2908CED200B62253 /* Release */ = {
			isa = XCBuildConfiguration;
			buildSettings = {
				ALWAYS_SEARCH_USER_PATHS = NO;
				CLANG_ANALYZER_NONNULL = YES;
				CLANG_ANALYZER_NUMBER_OBJECT_CONVERSION = YES_AGGRESSIVE;
				CLANG_CXX_LANGUAGE_STANDARD = "gnu++20";
				CLANG_ENABLE_MODULES = YES;
				CLANG_ENABLE_OBJC_ARC = YES;
				CLANG_ENABLE_OBJC_WEAK = YES;
				CLANG_WARN_BLOCK_CAPTURE_AUTORELEASING = YES;
				CLANG_WARN_BOOL_CONVERSION = YES;
				CLANG_WARN_COMMA = YES;
				CLANG_WARN_CONSTANT_CONVERSION = YES;
				CLANG_WARN_DEPRECATED_OBJC_IMPLEMENTATIONS = YES;
				CLANG_WARN_DIRECT_OBJC_ISA_USAGE = YES_ERROR;
				CLANG_WARN_DOCUMENTATION_COMMENTS = YES;
				CLANG_WARN_EMPTY_BODY = YES;
				CLANG_WARN_ENUM_CONVERSION = YES;
				CLANG_WARN_INFINITE_RECURSION = YES;
				CLANG_WARN_INT_CONVERSION = YES;
				CLANG_WARN_NON_LITERAL_NULL_CONVERSION = YES;
				CLANG_WARN_OBJC_IMPLICIT_RETAIN_SELF = YES;
				CLANG_WARN_OBJC_LITERAL_CONVERSION = YES;
				CLANG_WARN_OBJC_ROOT_CLASS = YES_ERROR;
				CLANG_WARN_QUOTED_INCLUDE_IN_FRAMEWORK_HEADER = YES;
				CLANG_WARN_RANGE_LOOP_ANALYSIS = YES;
				CLANG_WARN_STRICT_PROTOTYPES = YES;
				CLANG_WARN_SUSPICIOUS_MOVE = YES;
				CLANG_WARN_UNGUARDED_AVAILABILITY = YES_AGGRESSIVE;
				CLANG_WARN_UNREACHABLE_CODE = YES;
				CLANG_WARN__DUPLICATE_METHOD_MATCH = YES;
				COPY_PHASE_STRIP = NO;
				DEBUG_INFORMATION_FORMAT = "dwarf-with-dsym";
				ENABLE_NS_ASSERTIONS = NO;
				ENABLE_STRICT_OBJC_MSGSEND = YES;
				GCC_C_LANGUAGE_STANDARD = gnu11;
				GCC_NO_COMMON_BLOCKS = YES;
				GCC_WARN_64_TO_32_BIT_CONVERSION = YES;
				GCC_WARN_ABOUT_RETURN_TYPE = YES_ERROR;
				GCC_WARN_UNDECLARED_SELECTOR = YES;
				GCC_WARN_UNINITIALIZED_AUTOS = YES_AGGRESSIVE;
				GCC_WARN_UNUSED_FUNCTION = YES;
				GCC_WARN_UNUSED_VARIABLE = YES;
				IPHONEOS_DEPLOYMENT_TARGET = 11.0;
				MTL_ENABLE_DEBUG_INFO = NO;
				MTL_FAST_MATH = YES;
				SDKROOT = iphoneos;
				VALIDATE_PRODUCT = YES;
			};
			name = Release;
		};
		CE5EABBC2908CED200B62253 /* Debug */ = {
			isa = XCBuildConfiguration;
			buildSettings = {
				ASSETCATALOG_COMPILER_APPICON_NAME = AppIcon;
				ASSETCATALOG_COMPILER_GLOBAL_ACCENT_COLOR_NAME = AccentColor;
				"CODE_SIGN_IDENTITY[sdk=iphoneos*]" = "iPhone Developer";
				CODE_SIGN_STYLE = Manual;
				CURRENT_PROJECT_VERSION = 1;
				DEVELOPMENT_TEAM = "";
				"DEVELOPMENT_TEAM[sdk=iphoneos*]" = 9YP294W27R;
				GENERATE_INFOPLIST_FILE = YES;
				INFOPLIST_FILE = NemoSDKDemo/Info.plist;
				INFOPLIST_KEY_UIApplicationSupportsIndirectInputEvents = YES;
				INFOPLIST_KEY_UILaunchStoryboardName = LaunchScreen;
				INFOPLIST_KEY_UIMainStoryboardFile = Main;
				INFOPLIST_KEY_UISupportedInterfaceOrientations_iPad = "UIInterfaceOrientationPortrait UIInterfaceOrientationPortraitUpsideDown UIInterfaceOrientationLandscapeLeft UIInterfaceOrientationLandscapeRight";
				INFOPLIST_KEY_UISupportedInterfaceOrientations_iPhone = "UIInterfaceOrientationPortrait UIInterfaceOrientationLandscapeLeft UIInterfaceOrientationLandscapeRight";
				LD_RUNPATH_SEARCH_PATHS = (
					"$(inherited)",
					"@executable_path/Frameworks",
				);
				MARKETING_VERSION = 1.0;
				PRODUCT_BUNDLE_IDENTIFIER = sea.opg.dkb;
				PRODUCT_NAME = "$(TARGET_NAME)";
				PROVISIONING_PROFILE_SPECIFIER = "";
				"PROVISIONING_PROFILE_SPECIFIER[sdk=iphoneos*]" = "986 a Son";
				SWIFT_EMIT_LOC_STRINGS = YES;
				TARGETED_DEVICE_FAMILY = "1,2";
			};
			name = Debug;
		};
		CE5EABBD2908CED200B62253 /* Release */ = {
			isa = XCBuildConfiguration;
			buildSettings = {
				ASSETCATALOG_COMPILER_APPICON_NAME = AppIcon;
				ASSETCATALOG_COMPILER_GLOBAL_ACCENT_COLOR_NAME = AccentColor;
				CODE_SIGN_STYLE = Automatic;
				CURRENT_PROJECT_VERSION = 1;
				GENERATE_INFOPLIST_FILE = YES;
				INFOPLIST_FILE = NemoSDKDemo/Info.plist;
				INFOPLIST_KEY_UIApplicationSupportsIndirectInputEvents = YES;
				INFOPLIST_KEY_UILaunchStoryboardName = LaunchScreen;
				INFOPLIST_KEY_UIMainStoryboardFile = Main;
				INFOPLIST_KEY_UISupportedInterfaceOrientations_iPad = "UIInterfaceOrientationPortrait UIInterfaceOrientationPortraitUpsideDown UIInterfaceOrientationLandscapeLeft UIInterfaceOrientationLandscapeRight";
				INFOPLIST_KEY_UISupportedInterfaceOrientations_iPhone = "UIInterfaceOrientationPortrait UIInterfaceOrientationLandscapeLeft UIInterfaceOrientationLandscapeRight";
				LD_RUNPATH_SEARCH_PATHS = (
					"$(inherited)",
					"@executable_path/Frameworks",
				);
				MARKETING_VERSION = 1.0;
				PRODUCT_BUNDLE_IDENTIFIER = playerteam.NemoSDKDemo;
				PRODUCT_NAME = "$(TARGET_NAME)";
				SWIFT_EMIT_LOC_STRINGS = YES;
				TARGETED_DEVICE_FAMILY = "1,2";
			};
			name = Release;
		};
/* End XCBuildConfiguration section */

/* Begin XCConfigurationList section */
		CE5EAB9D2908CED100B62253 /* Build configuration list for PBXProject "NemoSDKDemo" */ = {
			isa = XCConfigurationList;
			buildConfigurations = (
				CE5EABB92908CED200B62253 /* Debug */,
				CE5EABBA2908CED200B62253 /* Release */,
			);
			defaultConfigurationIsVisible = 0;
			defaultConfigurationName = Release;
		};
		CE5EABBB2908CED200B62253 /* Build configuration list for PBXNativeTarget "NemoSDKDemo" */ = {
			isa = XCConfigurationList;
			buildConfigurations = (
				CE5EABBC2908CED200B62253 /* Debug */,
				CE5EABBD2908CED200B62253 /* Release */,
			);
			defaultConfigurationIsVisible = 0;
			defaultConfigurationName = Release;
		};
/* End XCConfigurationList section */
	};
	rootObject = CE5EAB9A2908CED100B62253 /* Project object */;
}
